// !$*UTF8*$!
{
	archiveVersion = 1;
	classes = {
	};
	objectVersion = 48;
	objects = {

/* Begin PBXBuildFile section */
		07DA622A35277C5499511B24 /* Pods_Movie_Guide_App.framework in Frameworks */ = {isa = PBXBuildFile; fileRef = 308B76B3AC17D18A31DAEE1E /* Pods_Movie_Guide_App.framework */; };
		D903D08E201CFA8200208F9A /* MenuManager.swift in Sources */ = {isa = PBXBuildFile; fileRef = D903D08D201CFA8200208F9A /* MenuManager.swift */; };
		D903D090201D058100208F9A /* BaseCell.xib in Resources */ = {isa = PBXBuildFile; fileRef = D903D08F201D058100208F9A /* BaseCell.xib */; };
		D903D092201D08F000208F9A /* BaseViewCell.swift in Sources */ = {isa = PBXBuildFile; fileRef = D903D091201D08F000208F9A /* BaseViewCell.swift */; };
		D96893B5201F6E240016941E /* TrailerVC.swift in Sources */ = {isa = PBXBuildFile; fileRef = D96893B4201F6E240016941E /* TrailerVC.swift */; };
		D975B1932017F5BA007914D4 /* AppDelegate.swift in Sources */ = {isa = PBXBuildFile; fileRef = D975B1922017F5BA007914D4 /* AppDelegate.swift */; };
		D975B1952017F5BA007914D4 /* ViewController.swift in Sources */ = {isa = PBXBuildFile; fileRef = D975B1942017F5BA007914D4 /* ViewController.swift */; };
		D975B1982017F5BA007914D4 /* Main.storyboard in Resources */ = {isa = PBXBuildFile; fileRef = D975B1962017F5BA007914D4 /* Main.storyboard */; };
		D975B19A2017F5BA007914D4 /* Assets.xcassets in Resources */ = {isa = PBXBuildFile; fileRef = D975B1992017F5BA007914D4 /* Assets.xcassets */; };
		D975B19D2017F5BA007914D4 /* LaunchScreen.storyboard in Resources */ = {isa = PBXBuildFile; fileRef = D975B19B2017F5BA007914D4 /* LaunchScreen.storyboard */; };
		D975B1A6201804B8007914D4 /* MovieCell.swift in Sources */ = {isa = PBXBuildFile; fileRef = D975B1A5201804B8007914D4 /* MovieCell.swift */; };
		D975B1A9201809FB007914D4 /* Movie.swift in Sources */ = {isa = PBXBuildFile; fileRef = D975B1A8201809FB007914D4 /* Movie.swift */; };
		D975B1AC20184052007914D4 /* MovieDetailVC.swift in Sources */ = {isa = PBXBuildFile; fileRef = D975B1AB20184052007914D4 /* MovieDetailVC.swift */; };
		D9E67881201E509600F1FCF9 /* MovieTrailer.swift in Sources */ = {isa = PBXBuildFile; fileRef = D9E67880201E509600F1FCF9 /* MovieTrailer.swift */; };
/* End PBXBuildFile section */

/* Begin PBXFileReference section */
		308B76B3AC17D18A31DAEE1E /* Pods_Movie_Guide_App.framework */ = {isa = PBXFileReference; explicitFileType = wrapper.framework; includeInIndex = 0; path = Pods_Movie_Guide_App.framework; sourceTree = BUILT_PRODUCTS_DIR; };
		59E75373A79B7D04D835401D /* Pods-Movie Guide App.debug.xcconfig */ = {isa = PBXFileReference; includeInIndex = 1; lastKnownFileType = text.xcconfig; name = "Pods-Movie Guide App.debug.xcconfig"; path = "Pods/Target Support Files/Pods-Movie Guide App/Pods-Movie Guide App.debug.xcconfig"; sourceTree = "<group>"; };
		5A2EB62A777859377F6345F0 /* Pods-Movie Guide App.release.xcconfig */ = {isa = PBXFileReference; includeInIndex = 1; lastKnownFileType = text.xcconfig; name = "Pods-Movie Guide App.release.xcconfig"; path = "Pods/Target Support Files/Pods-Movie Guide App/Pods-Movie Guide App.release.xcconfig"; sourceTree = "<group>"; };
		D903D08D201CFA8200208F9A /* MenuManager.swift */ = {isa = PBXFileReference; lastKnownFileType = sourcecode.swift; path = MenuManager.swift; sourceTree = "<group>"; };
		D903D08F201D058100208F9A /* BaseCell.xib */ = {isa = PBXFileReference; lastKnownFileType = file.xib; path = BaseCell.xib; sourceTree = "<group>"; };
		D903D091201D08F000208F9A /* BaseViewCell.swift */ = {isa = PBXFileReference; lastKnownFileType = sourcecode.swift; path = BaseViewCell.swift; sourceTree = "<group>"; };
		D96893B4201F6E240016941E /* TrailerVC.swift */ = {isa = PBXFileReference; lastKnownFileType = sourcecode.swift; path = TrailerVC.swift; sourceTree = "<group>"; };
		D975B18F2017F5BA007914D4 /* Movie Guide App.app */ = {isa = PBXFileReference; explicitFileType = wrapper.application; includeInIndex = 0; path = "Movie Guide App.app"; sourceTree = BUILT_PRODUCTS_DIR; };
		D975B1922017F5BA007914D4 /* AppDelegate.swift */ = {isa = PBXFileReference; lastKnownFileType = sourcecode.swift; path = AppDelegate.swift; sourceTree = "<group>"; };
		D975B1942017F5BA007914D4 /* ViewController.swift */ = {isa = PBXFileReference; lastKnownFileType = sourcecode.swift; path = ViewController.swift; sourceTree = "<group>"; };
		D975B1972017F5BA007914D4 /* Base */ = {isa = PBXFileReference; lastKnownFileType = file.storyboard; name = Base; path = Base.lproj/Main.storyboard; sourceTree = "<group>"; };
		D975B1992017F5BA007914D4 /* Assets.xcassets */ = {isa = PBXFileReference; lastKnownFileType = folder.assetcatalog; path = Assets.xcassets; sourceTree = "<group>"; };
		D975B19C2017F5BA007914D4 /* Base */ = {isa = PBXFileReference; lastKnownFileType = file.storyboard; name = Base; path = Base.lproj/LaunchScreen.storyboard; sourceTree = "<group>"; };
		D975B19E2017F5BA007914D4 /* Info.plist */ = {isa = PBXFileReference; lastKnownFileType = text.plist.xml; path = Info.plist; sourceTree = "<group>"; };
		D975B1A5201804B8007914D4 /* MovieCell.swift */ = {isa = PBXFileReference; lastKnownFileType = sourcecode.swift; path = MovieCell.swift; sourceTree = "<group>"; };
		D975B1A8201809FB007914D4 /* Movie.swift */ = {isa = PBXFileReference; lastKnownFileType = sourcecode.swift; path = Movie.swift; sourceTree = "<group>"; };
		D975B1AB20184052007914D4 /* MovieDetailVC.swift */ = {isa = PBXFileReference; lastKnownFileType = sourcecode.swift; path = MovieDetailVC.swift; sourceTree = "<group>"; };
		D9E67880201E509600F1FCF9 /* MovieTrailer.swift */ = {isa = PBXFileReference; lastKnownFileType = sourcecode.swift; path = MovieTrailer.swift; sourceTree = "<group>"; };
/* End PBXFileReference section */

/* Begin PBXFrameworksBuildPhase section */
		D975B18C2017F5BA007914D4 /* Frameworks */ = {
			isa = PBXFrameworksBuildPhase;
			buildActionMask = 2147483647;
			files = (
				07DA622A35277C5499511B24 /* Pods_Movie_Guide_App.framework in Frameworks */,
			);
			runOnlyForDeploymentPostprocessing = 0;
		};
/* End PBXFrameworksBuildPhase section */

/* Begin PBXGroup section */
		1848C5C1D3AA9DCE43259D74 /* Frameworks */ = {
			isa = PBXGroup;
			children = (
				308B76B3AC17D18A31DAEE1E /* Pods_Movie_Guide_App.framework */,
			);
			name = Frameworks;
			sourceTree = "<group>";
		};
		4959F63C1E2DC4F6E96346B7 /* Pods */ = {
			isa = PBXGroup;
			children = (
				59E75373A79B7D04D835401D /* Pods-Movie Guide App.debug.xcconfig */,
				5A2EB62A777859377F6345F0 /* Pods-Movie Guide App.release.xcconfig */,
			);
			name = Pods;
			sourceTree = "<group>";
		};
		D975B1862017F5BA007914D4 = {
			isa = PBXGroup;
			children = (
				D975B1912017F5BA007914D4 /* Movie Guide App */,
				D975B1902017F5BA007914D4 /* Products */,
				4959F63C1E2DC4F6E96346B7 /* Pods */,
				1848C5C1D3AA9DCE43259D74 /* Frameworks */,
			);
			sourceTree = "<group>";
		};
		D975B1902017F5BA007914D4 /* Products */ = {
			isa = PBXGroup;
			children = (
				D975B18F2017F5BA007914D4 /* Movie Guide App.app */,
			);
			name = Products;
			sourceTree = "<group>";
		};
		D975B1912017F5BA007914D4 /* Movie Guide App */ = {
			isa = PBXGroup;
			children = (
				D975B1AA2018400C007914D4 /* Controller */,
				D975B1A7201809DE007914D4 /* Model */,
				D975B1A420180492007914D4 /* View */,
				D975B1922017F5BA007914D4 /* AppDelegate.swift */,
				D975B1962017F5BA007914D4 /* Main.storyboard */,
				D975B1992017F5BA007914D4 /* Assets.xcassets */,
				D975B19B2017F5BA007914D4 /* LaunchScreen.storyboard */,
				D975B19E2017F5BA007914D4 /* Info.plist */,
				D903D08F201D058100208F9A /* BaseCell.xib */,
			);
			path = "Movie Guide App";
			sourceTree = "<group>";
		};
		D975B1A420180492007914D4 /* View */ = {
			isa = PBXGroup;
			children = (
				D975B1A5201804B8007914D4 /* MovieCell.swift */,
			);
			path = View;
			sourceTree = "<group>";
		};
		D975B1A7201809DE007914D4 /* Model */ = {
			isa = PBXGroup;
			children = (
				D975B1A8201809FB007914D4 /* Movie.swift */,
				D9E67880201E509600F1FCF9 /* MovieTrailer.swift */,
			);
			path = Model;
			sourceTree = "<group>";
		};
		D975B1AA2018400C007914D4 /* Controller */ = {
			isa = PBXGroup;
			children = (
				D975B1942017F5BA007914D4 /* ViewController.swift */,
				D975B1AB20184052007914D4 /* MovieDetailVC.swift */,
				D903D08D201CFA8200208F9A /* MenuManager.swift */,
				D903D091201D08F000208F9A /* BaseViewCell.swift */,
				D96893B4201F6E240016941E /* TrailerVC.swift */,
			);
			path = Controller;
			sourceTree = "<group>";
		};
/* End PBXGroup section */

/* Begin PBXNativeTarget section */
		D975B18E2017F5BA007914D4 /* Movie Guide App */ = {
			isa = PBXNativeTarget;
			buildConfigurationList = D975B1A12017F5BA007914D4 /* Build configuration list for PBXNativeTarget "Movie Guide App" */;
			buildPhases = (
				40B3B510964A07621AC21F21 /* [CP] Check Pods Manifest.lock */,
				D975B18B2017F5BA007914D4 /* Sources */,
				D975B18C2017F5BA007914D4 /* Frameworks */,
				D975B18D2017F5BA007914D4 /* Resources */,
				C38252F68473DB2A8524494C /* [CP] Embed Pods Frameworks */,
				05D60CCB6DC9785330A2DDD6 /* [CP] Copy Pods Resources */,
			);
			buildRules = (
			);
			dependencies = (
			);
			name = "Movie Guide App";
			productName = "Movie Guide App";
			productReference = D975B18F2017F5BA007914D4 /* Movie Guide App.app */;
			productType = "com.apple.product-type.application";
		};
/* End PBXNativeTarget section */

/* Begin PBXProject section */
		D975B1872017F5BA007914D4 /* Project object */ = {
			isa = PBXProject;
			attributes = {
				LastSwiftUpdateCheck = 0910;
				LastUpgradeCheck = 0910;
				ORGANIZATIONNAME = Mohamed;
				TargetAttributes = {
					D975B18E2017F5BA007914D4 = {
						CreatedOnToolsVersion = 9.1;
						ProvisioningStyle = Automatic;
					};
				};
			};
			buildConfigurationList = D975B18A2017F5BA007914D4 /* Build configuration list for PBXProject "Movie Guide App" */;
			compatibilityVersion = "Xcode 8.0";
			developmentRegion = en;
			hasScannedForEncodings = 0;
			knownRegions = (
				en,
				Base,
			);
			mainGroup = D975B1862017F5BA007914D4;
			productRefGroup = D975B1902017F5BA007914D4 /* Products */;
			projectDirPath = "";
			projectRoot = "";
			targets = (
				D975B18E2017F5BA007914D4 /* Movie Guide App */,
			);
		};
/* End PBXProject section */

/* Begin PBXResourcesBuildPhase section */
		D975B18D2017F5BA007914D4 /* Resources */ = {
			isa = PBXResourcesBuildPhase;
			buildActionMask = 2147483647;
			files = (
				D903D090201D058100208F9A /* BaseCell.xib in Resources */,
				D975B19D2017F5BA007914D4 /* LaunchScreen.storyboard in Resources */,
				D975B19A2017F5BA007914D4 /* Assets.xcassets in Resources */,
				D975B1982017F5BA007914D4 /* Main.storyboard in Resources */,
			);
			runOnlyForDeploymentPostprocessing = 0;
		};
/* End PBXResourcesBuildPhase section */

/* Begin PBXShellScriptBuildPhase section */
		05D60CCB6DC9785330A2DDD6 /* [CP] Copy Pods Resources */ = {
			isa = PBXShellScriptBuildPhase;
			buildActionMask = 2147483647;
			files = (
			);
			inputPaths = (
			);
			name = "[CP] Copy Pods Resources";
			outputPaths = (
			);
			runOnlyForDeploymentPostprocessing = 0;
			shellPath = /bin/sh;
			shellScript = "\"${SRCROOT}/Pods/Target Support Files/Pods-Movie Guide App/Pods-Movie Guide App-resources.sh\"\n";
			showEnvVarsInLog = 0;
		};
		40B3B510964A07621AC21F21 /* [CP] Check Pods Manifest.lock */ = {
			isa = PBXShellScriptBuildPhase;
			buildActionMask = 2147483647;
			files = (
			);
			inputPaths = (
				"${PODS_PODFILE_DIR_PATH}/Podfile.lock",
				"${PODS_ROOT}/Manifest.lock",
			);
			name = "[CP] Check Pods Manifest.lock";
			outputPaths = (
				"$(DERIVED_FILE_DIR)/Pods-Movie Guide App-checkManifestLockResult.txt",
			);
			runOnlyForDeploymentPostprocessing = 0;
			shellPath = /bin/sh;
			shellScript = "diff \"${PODS_PODFILE_DIR_PATH}/Podfile.lock\" \"${PODS_ROOT}/Manifest.lock\" > /dev/null\nif [ $? != 0 ] ; then\n    # print error to STDERR\n    echo \"error: The sandbox is not in sync with the Podfile.lock. Run 'pod install' or update your CocoaPods installation.\" >&2\n    exit 1\nfi\n# This output is used by Xcode 'outputs' to avoid re-running this script phase.\necho \"SUCCESS\" > \"${SCRIPT_OUTPUT_FILE_0}\"\n";
			showEnvVarsInLog = 0;
		};
		C38252F68473DB2A8524494C /* [CP] Embed Pods Frameworks */ = {
			isa = PBXShellScriptBuildPhase;
			buildActionMask = 2147483647;
			files = (
			);
			inputPaths = (
				"${SRCROOT}/Pods/Target Support Files/Pods-Movie Guide App/Pods-Movie Guide App-frameworks.sh",
				"${BUILT_PRODUCTS_DIR}/Alamofire/Alamofire.framework",
				"${BUILT_PRODUCTS_DIR}/SVProgressHUD/SVProgressHUD.framework",
				"${BUILT_PRODUCTS_DIR}/SwiftyJSON/SwiftyJSON.framework",
			);
			name = "[CP] Embed Pods Frameworks";
			outputPaths = (
				"${TARGET_BUILD_DIR}/${FRAMEWORKS_FOLDER_PATH}/Alamofire.framework",
				"${TARGET_BUILD_DIR}/${FRAMEWORKS_FOLDER_PATH}/SVProgressHUD.framework",
				"${TARGET_BUILD_DIR}/${FRAMEWORKS_FOLDER_PATH}/SwiftyJSON.framework",
			);
			runOnlyForDeploymentPostprocessing = 0;
			shellPath = /bin/sh;
			shellScript = "\"${SRCROOT}/Pods/Target Support Files/Pods-Movie Guide App/Pods-Movie Guide App-frameworks.sh\"\n";
			showEnvVarsInLog = 0;
		};
/* End PBXShellScriptBuildPhase section */

/* Begin PBXSourcesBuildPhase section */
		D975B18B2017F5BA007914D4 /* Sources */ = {
			isa = PBXSourcesBuildPhase;
			buildActionMask = 2147483647;
			files = (
				D96893B5201F6E240016941E /* TrailerVC.swift in Sources */,
				D9E67881201E509600F1FCF9 /* MovieTrailer.swift in Sources */,
				D903D08E201CFA8200208F9A /* MenuManager.swift in Sources */,
				D903D092201D08F000208F9A /* BaseViewCell.swift in Sources */,
				D975B1952017F5BA007914D4 /* ViewController.swift in Sources */,
				D975B1AC20184052007914D4 /* MovieDetailVC.swift in Sources */,
				D975B1932017F5BA007914D4 /* AppDelegate.swift in Sources */,
				D975B1A9201809FB007914D4 /* Movie.swift in Sources */,
				D975B1A6201804B8007914D4 /* MovieCell.swift in Sources */,
			);
			runOnlyForDeploymentPostprocessing = 0;
		};
/* End PBXSourcesBuildPhase section */

/* Begin PBXVariantGroup section */
		D975B1962017F5BA007914D4 /* Main.storyboard */ = {
			isa = PBXVariantGroup;
			children = (
				D975B1972017F5BA007914D4 /* Base */,
			);
			name = Main.storyboard;
			sourceTree = "<group>";
		};
		D975B19B2017F5BA007914D4 /* LaunchScreen.storyboard */ = {
			isa = PBXVariantGroup;
			children = (
				D975B19C2017F5BA007914D4 /* Base */,
			);
			name = LaunchScreen.storyboard;
			sourceTree = "<group>";
		};
/* End PBXVariantGroup section */

/* Begin XCBuildConfiguration section */
		D975B19F2017F5BA007914D4 /* Debug */ = {
			isa = XCBuildConfiguration;
			buildSettings = {
				ALWAYS_SEARCH_USER_PATHS = NO;
				CLANG_ANALYZER_NONNULL = YES;
				CLANG_ANALYZER_NUMBER_OBJECT_CONVERSION = YES_AGGRESSIVE;
				CLANG_CXX_LANGUAGE_STANDARD = "gnu++14";
				CLANG_CXX_LIBRARY = "libc++";
				CLANG_ENABLE_MODULES = YES;
				CLANG_ENABLE_OBJC_ARC = YES;
				CLANG_WARN_BLOCK_CAPTURE_AUTORELEASING = YES;
				CLANG_WARN_BOOL_CONVERSION = YES;
				CLANG_WARN_COMMA = YES;
				CLANG_WARN_CONSTANT_CONVERSION = YES;
				CLANG_WARN_DIRECT_OBJC_ISA_USAGE = YES_ERROR;
				CLANG_WARN_DOCUMENTATION_COMMENTS = YES;
				CLANG_WARN_EMPTY_BODY = YES;
				CLANG_WARN_ENUM_CONVERSION = YES;
				CLANG_WARN_INFINITE_RECURSION = YES;
				CLANG_WARN_INT_CONVERSION = YES;
				CLANG_WARN_NON_LITERAL_NULL_CONVERSION = YES;
				CLANG_WARN_OBJC_LITERAL_CONVERSION = YES;
				CLANG_WARN_OBJC_ROOT_CLASS = YES_ERROR;
				CLANG_WARN_RANGE_LOOP_ANALYSIS = YES;
				CLANG_WARN_STRICT_PROTOTYPES = YES;
				CLANG_WARN_SUSPICIOUS_MOVE = YES;
				CLANG_WARN_UNGUARDED_AVAILABILITY = YES_AGGRESSIVE;
				CLANG_WARN_UNREACHABLE_CODE = YES;
				CLANG_WARN__DUPLICATE_METHOD_MATCH = YES;
				CODE_SIGN_IDENTITY = "iPhone Developer";
				COPY_PHASE_STRIP = NO;
				DEBUG_INFORMATION_FORMAT = dwarf;
				ENABLE_STRICT_OBJC_MSGSEND = YES;
				ENABLE_TESTABILITY = YES;
				GCC_C_LANGUAGE_STANDARD = gnu11;
				GCC_DYNAMIC_NO_PIC = NO;
				GCC_NO_COMMON_BLOCKS = YES;
				GCC_OPTIMIZATION_LEVEL = 0;
				GCC_PREPROCESSOR_DEFINITIONS = (
					"DEBUG=1",
					"$(inherited)",
				);
				GCC_WARN_64_TO_32_BIT_CONVERSION = YES;
				GCC_WARN_ABOUT_RETURN_TYPE = YES_ERROR;
				GCC_WARN_UNDECLARED_SELECTOR = YES;
				GCC_WARN_UNINITIALIZED_AUTOS = YES_AGGRESSIVE;
				GCC_WARN_UNUSED_FUNCTION = YES;
				GCC_WARN_UNUSED_VARIABLE = YES;
				IPHONEOS_DEPLOYMENT_TARGET = 11.1;
				MTL_ENABLE_DEBUG_INFO = YES;
				ONLY_ACTIVE_ARCH = YES;
				SDKROOT = iphoneos;
				SWIFT_ACTIVE_COMPILATION_CONDITIONS = DEBUG;
				SWIFT_OPTIMIZATION_LEVEL = "-Onone";
			};
			name = Debug;
		};
		D975B1A02017F5BA007914D4 /* Release */ = {
			isa = XCBuildConfiguration;
			buildSettings = {
				ALWAYS_SEARCH_USER_PATHS = NO;
				CLANG_ANALYZER_NONNULL = YES;
				CLANG_ANALYZER_NUMBER_OBJECT_CONVERSION = YES_AGGRESSIVE;
				CLANG_CXX_LANGUAGE_STANDARD = "gnu++14";
				CLANG_CXX_LIBRARY = "libc++";
				CLANG_ENABLE_MODULES = YES;
				CLANG_ENABLE_OBJC_ARC = YES;
				CLANG_WARN_BLOCK_CAPTURE_AUTORELEASING = YES;
				CLANG_WARN_BOOL_CONVERSION = YES;
				CLANG_WARN_COMMA = YES;
				CLANG_WARN_CONSTANT_CONVERSION = YES;
				CLANG_WARN_DIRECT_OBJC_ISA_USAGE = YES_ERROR;
				CLANG_WARN_DOCUMENTATION_COMMENTS = YES;
				CLANG_WARN_EMPTY_BODY = YES;
				CLANG_WARN_ENUM_CONVERSION = YES;
				CLANG_WARN_INFINITE_RECURSION = YES;
				CLANG_WARN_INT_CONVERSION = YES;
				CLANG_WARN_NON_LITERAL_NULL_CONVERSION = YES;
				CLANG_WARN_OBJC_LITERAL_CONVERSION = YES;
				CLANG_WARN_OBJC_ROOT_CLASS = YES_ERROR;
				CLANG_WARN_RANGE_LOOP_ANALYSIS = YES;
				CLANG_WARN_STRICT_PROTOTYPES = YES;
				CLANG_WARN_SUSPICIOUS_MOVE = YES;
				CLANG_WARN_UNGUARDED_AVAILABILITY = YES_AGGRESSIVE;
				CLANG_WARN_UNREACHABLE_CODE = YES;
				CLANG_WARN__DUPLICATE_METHOD_MATCH = YES;
				CODE_SIGN_IDENTITY = "iPhone Developer";
				COPY_PHASE_STRIP = NO;
				DEBUG_INFORMATION_FORMAT = "dwarf-with-dsym";
				ENABLE_NS_ASSERTIONS = NO;
				ENABLE_STRICT_OBJC_MSGSEND = YES;
				GCC_C_LANGUAGE_STANDARD = gnu11;
				GCC_NO_COMMON_BLOCKS = YES;
				GCC_WARN_64_TO_32_BIT_CONVERSION = YES;
				GCC_WARN_ABOUT_RETURN_TYPE = YES_ERROR;
				GCC_WARN_UNDECLARED_SELECTOR = YES;
				GCC_WARN_UNINITIALIZED_AUTOS = YES_AGGRESSIVE;
				GCC_WARN_UNUSED_FUNCTION = YES;
				GCC_WARN_UNUSED_VARIABLE = YES;
				IPHONEOS_DEPLOYMENT_TARGET = 11.1;
				MTL_ENABLE_DEBUG_INFO = NO;
				SDKROOT = iphoneos;
				SWIFT_OPTIMIZATION_LEVEL = "-Owholemodule";
				VALIDATE_PRODUCT = YES;
			};
			name = Release;
		};
		D975B1A22017F5BA007914D4 /* Debug */ = {
			isa = XCBuildConfiguration;
			baseConfigurationReference = 59E75373A79B7D04D835401D /* Pods-Movie Guide App.debug.xcconfig */;
			buildSettings = {
				ASSETCATALOG_COMPILER_APPICON_NAME = AppIcon;
				CODE_SIGN_STYLE = Automatic;
				INFOPLIST_FILE = "Movie Guide App/Info.plist";
				LD_RUNPATH_SEARCH_PATHS = "$(inherited) @executable_path/Frameworks";
				PRODUCT_BUNDLE_IDENTIFIER = "mohamed.Movie-Guide-App";
				PRODUCT_NAME = "$(TARGET_NAME)";
				SWIFT_VERSION = 4.0;
				TARGETED_DEVICE_FAMILY = "1,2";
			};
			name = Debug;
		};
		D975B1A32017F5BA007914D4 /* Release */ = {
			isa = XCBuildConfiguration;
			baseConfigurationReference = 5A2EB62A777859377F6345F0 /* Pods-Movie Guide App.release.xcconfig */;
			buildSettings = {
				ASSETCATALOG_COMPILER_APPICON_NAME = AppIcon;
				CODE_SIGN_STYLE = Automatic;
				INFOPLIST_FILE = "Movie Guide App/Info.plist";
				LD_RUNPATH_SEARCH_PATHS = "$(inherited) @executable_path/Frameworks";
				PRODUCT_BUNDLE_IDENTIFIER = "mohamed.Movie-Guide-App";
				PRODUCT_NAME = "$(TARGET_NAME)";
				SWIFT_VERSION = 4.0;
				TARGETED_DEVICE_FAMILY = "1,2";
			};
			name = Release;
		};
/* End XCBuildConfiguration section */

/* Begin XCConfigurationList section */
		D975B18A2017F5BA007914D4 /* Build configuration list for PBXProject "Movie Guide App" */ = {
			isa = XCConfigurationList;
			buildConfigurations = (
				D975B19F2017F5BA007914D4 /* Debug */,
				D975B1A02017F5BA007914D4 /* Release */,
			);
			defaultConfigurationIsVisible = 0;
			defaultConfigurationName = Release;
		};
		D975B1A12017F5BA007914D4 /* Build configuration list for PBXNativeTarget "Movie Guide App" */ = {
			isa = XCConfigurationList;
			buildConfigurations = (
				D975B1A22017F5BA007914D4 /* Debug */,
				D975B1A32017F5BA007914D4 /* Release */,
			);
			defaultConfigurationIsVisible = 0;
			defaultConfigurationName = Release;
		};
/* End XCConfigurationList section */
	};
	rootObject = D975B1872017F5BA007914D4 /* Project object */;
}
